
Microsoft Visual Studio Solution File, Format Version 11.00
# Visual Studio 2010
Project("{FAE04EC0-301F-11D3-BF4B-00C04F79EFBC}") = "Assembly-CSharp", "Assembly-CSharp.csproj", "{7CDED61D-A767-ABB6-C8DB-0BB403EF7DF4}"
EndProject
Project("{FAE04EC0-301F-11D3-BF4B-00C04F79EFBC}") = "Assembly-CSharp-Editor", "Assembly-CSharp-Editor.csproj", "{4BE8E56C-08B0-FB95-8636-758BF06746CF}"
EndProject
Global
	GlobalSection(SolutionConfigurationPlatforms) = preSolution
		Debug|Any CPU = Debug|Any CPU
		Release|Any CPU = Release|Any CPU
	EndGlobalSection
	GlobalSection(ProjectConfigurationPlatforms) = postSolution
		{7CDED61D-A767-ABB6-C8DB-0BB403EF7DF4}.Debug|Any CPU.ActiveCfg = Debug|Any CPU
		{7CDED61D-A767-ABB6-C8DB-0BB403EF7DF4}.Debug|Any CPU.Build.0 = Debug|Any CPU
		{7CDED61D-A767-ABB6-C8DB-0BB403EF7DF4}.Release|Any CPU.ActiveCfg = Release|Any CPU
		{7CDED61D-A767-ABB6-C8DB-0BB403EF7DF4}.Release|Any CPU.Build.0 = Release|Any CPU
		{4BE8E56C-08B0-FB95-8636-758BF06746CF}.Debug|Any CPU.ActiveCfg = Debug|Any CPU
		{4BE8E56C-08B0-FB95-8636-758BF06746CF}.Debug|Any CPU.Build.0 = Debug|Any CPU
		{4BE8E56C-08B0-FB95-8636-758BF06746CF}.Release|Any CPU.ActiveCfg = Release|Any CPU
		{4BE8E56C-08B0-FB95-8636-758BF06746CF}.Release|Any CPU.Build.0 = Release|Any CPU
	EndGlobalSection
	GlobalSection(SolutionProperties) = preSolution
		HideSolutionNode = FALSE
	EndGlobalSection
	GlobalSection(MonoDevelopProperties) = preSolution
		StartupItem = Assembly-CSharp.csproj
	EndGlobalSection
EndGlobal
